
Microsoft Visual Studio Solution File, Format Version 12.00
# Visual Studio Version 17
VisualStudioVersion = 17.5.002.0
MinimumVisualStudioVersion = 10.0.40219.1
Project("{9A19103F-16F7-4668-BE54-9A1E7A4F7556}") = "API", "API.csproj", "{1E17A45E-26DA-4922-8D49-2B3ECB9E0B5C}"
EndProject
Global
	GlobalSection(SolutionConfigurationPlatforms) = preSolution
		Debug|Any CPU = Debug|Any CPU
		Release|Any CPU = Release|Any CPU
	EndGlobalSection
	GlobalSection(ProjectConfigurationPlatforms) = postSolution
		{1E17A45E-26DA-4922-8D49-2B3ECB9E0B5C}.Debug|Any CPU.ActiveCfg = Debug|Any CPU
		{1E17A45E-26DA-4922-8D49-2B3ECB9E0B5C}.Debug|Any CPU.Build.0 = Debug|Any CPU
		{1E17A45E-26DA-4922-8D49-2B3ECB9E0B5C}.Release|Any CPU.ActiveCfg = Release|Any CPU
		{1E17A45E-26DA-4922-8D49-2B3ECB9E0B5C}.Release|Any CPU.Build.0 = Release|Any CPU
	EndGlobalSection
	GlobalSection(SolutionProperties) = preSolution
		HideSolutionNode = FALSE
	EndGlobalSection
	GlobalSection(ExtensibilityGlobals) = postSolution
		SolutionGuid = {2FA9BD24-6B61-4AA4-9DDE-C583F9535D0A}
	EndGlobalSection
EndGlobal
